
Microsoft Visual Studio Solution File, Format Version 12.00
# Visual Studio Version 16
VisualStudioVersion = 16.0.32901.82
MinimumVisualStudioVersion = 10.0.40219.1
Project("{FAE04EC0-301F-11D3-BF4B-00C04F79EFBC}") = "Captchalogue", "Captchalogue\Captchalogue.csproj", "{4B91CC08-3BE2-46A8-BC35-1DC1C5588700}"
EndProject
Global
	GlobalSection(SolutionConfigurationPlatforms) = preSolution
		Debug|Any CPU = Debug|Any CPU
		Release|Any CPU = Release|Any CPU
	EndGlobalSection
	GlobalSection(ProjectConfigurationPlatforms) = postSolution
		{4B91CC08-3BE2-46A8-BC35-1DC1C5588700}.Debug|Any CPU.ActiveCfg = Debug|Any CPU
		{4B91CC08-3BE2-46A8-BC35-1DC1C5588700}.Debug|Any CPU.Build.0 = Debug|Any CPU
		{4B91CC08-3BE2-46A8-BC35-1DC1C5588700}.Release|Any CPU.ActiveCfg = Release|Any CPU
		{4B91CC08-3BE2-46A8-BC35-1DC1C5588700}.Release|Any CPU.Build.0 = Release|Any CPU
	EndGlobalSection
	GlobalSection(SolutionProperties) = preSolution
		HideSolutionNode = FALSE
	EndGlobalSection
	GlobalSection(ExtensibilityGlobals) = postSolution
		SolutionGuid = {79AD3584-943D-4265-89AC-B225B6C93EF6}
	EndGlobalSection
EndGlobal
